
Microsoft Visual Studio Solution File, Format Version 12.00
# Visual Studio 15
VisualStudioVersion = 15.0.27004.2009
MinimumVisualStudioVersion = 10.0.40219.1
Project("{FAE04EC0-301F-11D3-BF4B-00C04F79EFBC}") = "EmotionalAPI", "EmotionalAPI\EmotionalAPI.csproj", "{28956EFD-E113-493C-88D8-E30F113419DD}"
EndProject
Global
	GlobalSection(SolutionConfigurationPlatforms) = preSolution
		Debug|ARM = Debug|ARM
		Debug|x64 = Debug|x64
		Debug|x86 = Debug|x86
		Release|ARM = Release|ARM
		Release|x64 = Release|x64
		Release|x86 = Release|x86
	EndGlobalSection
	GlobalSection(ProjectConfigurationPlatforms) = postSolution
		{28956EFD-E113-493C-88D8-E30F113419DD}.Debug|ARM.ActiveCfg = Debug|ARM
		{28956EFD-E113-493C-88D8-E30F113419DD}.Debug|ARM.Build.0 = Debug|ARM
		{28956EFD-E113-493C-88D8-E30F113419DD}.Debug|ARM.Deploy.0 = Debug|ARM
		{28956EFD-E113-493C-88D8-E30F113419DD}.Debug|x64.ActiveCfg = Debug|x64
		{28956EFD-E113-493C-88D8-E30F113419DD}.Debug|x64.Build.0 = Debug|x64
		{28956EFD-E113-493C-88D8-E30F113419DD}.Debug|x64.Deploy.0 = Debug|x64
		{28956EFD-E113-493C-88D8-E30F113419DD}.Debug|x86.ActiveCfg = Debug|x86
		{28956EFD-E113-493C-88D8-E30F113419DD}.Debug|x86.Build.0 = Debug|x86
		{28956EFD-E113-493C-88D8-E30F113419DD}.Debug|x86.Deploy.0 = Debug|x86
		{28956EFD-E113-493C-88D8-E30F113419DD}.Release|ARM.ActiveCfg = Release|ARM
		{28956EFD-E113-493C-88D8-E30F113419DD}.Release|ARM.Build.0 = Release|ARM
		{28956EFD-E113-493C-88D8-E30F113419DD}.Release|ARM.Deploy.0 = Release|ARM
		{28956EFD-E113-493C-88D8-E30F113419DD}.Release|x64.ActiveCfg = Release|x64
		{28956EFD-E113-493C-88D8-E30F113419DD}.Release|x64.Build.0 = Release|x64
		{28956EFD-E113-493C-88D8-E30F113419DD}.Release|x64.Deploy.0 = Release|x64
		{28956EFD-E113-493C-88D8-E30F113419DD}.Release|x86.ActiveCfg = Release|x86
		{28956EFD-E113-493C-88D8-E30F113419DD}.Release|x86.Build.0 = Release|x86
		{28956EFD-E113-493C-88D8-E30F113419DD}.Release|x86.Deploy.0 = Release|x86
	EndGlobalSection
	GlobalSection(SolutionProperties) = preSolution
		HideSolutionNode = FALSE
	EndGlobalSection
	GlobalSection(ExtensibilityGlobals) = postSolution
		SolutionGuid = {A938D8BB-37B2-42D4-BC7F-9CEB0A38C05B}
	EndGlobalSection
EndGlobal
